
Microsoft Visual Studio Solution File, Format Version 12.00
# Visual Studio Version 16
VisualStudioVersion = 16.0.31624.102
MinimumVisualStudioVersion = 10.0.40219.1
Project("{FAE04EC0-301F-11D3-BF4B-00C04F79EFBC}") = "QuanLySchool", "QuanLySchool\QuanLySchool.csproj", "{A9C009AC-2CED-4990-AD0C-DE90A7045192}"
EndProject
Global
	GlobalSection(SolutionConfigurationPlatforms) = preSolution
		Debug|Any CPU = Debug|Any CPU
		Release|Any CPU = Release|Any CPU
	EndGlobalSection
	GlobalSection(ProjectConfigurationPlatforms) = postSolution
		{A9C009AC-2CED-4990-AD0C-DE90A7045192}.Debug|Any CPU.ActiveCfg = Debug|Any CPU
		{A9C009AC-2CED-4990-AD0C-DE90A7045192}.Debug|Any CPU.Build.0 = Debug|Any CPU
		{A9C009AC-2CED-4990-AD0C-DE90A7045192}.Release|Any CPU.ActiveCfg = Release|Any CPU
		{A9C009AC-2CED-4990-AD0C-DE90A7045192}.Release|Any CPU.Build.0 = Release|Any CPU
	EndGlobalSection
	GlobalSection(SolutionProperties) = preSolution
		HideSolutionNode = FALSE
	EndGlobalSection
	GlobalSection(ExtensibilityGlobals) = postSolution
		SolutionGuid = {DE37866B-C72B-4CBF-A51C-00753D854688}
	EndGlobalSection
EndGlobal
